hash: 358ce184799137b4fc8ff72d6666da976569d13550d8730aac8feaffbf074e54
updated: 2016-10-11T10:14:48.915525283-05:00
imports:
- name: git.apache.org/thrift.git
  version: cdc83335d60756c4bfb0d2c8af7933500c9e3c06
  subpackages:
  - lib/go/thrift
- name: github.com/mattrobenolt/gocql
  version: 56c5a46b65eead93e1e53e983d1b2e7dbfde570d
  subpackages:
  - uuid
- name: github.com/nats-io/nats
  version: fc85f44c1659ab6610d76fd6bd0e44ad2cadf697
  subpackages:
  - encoders/builtin
- name: github.com/nats-io/nuid
  version: 4f84f5f3b2786224e336af2e13dba0a0a80b76fa
- name: github.com/Sirupsen/logrus
  version: 418b41d23a1bf978c06faea5313ba194650ac088
- name: github.com/urfave/cli
  version: 4205e9c4ee9672a8df5bb4fe486a8aa07e1e4037
- name: golang.org/x/tools
  version: 3f4088edb48e8a4e3c66a5f8e7b2a78615fcb83f
  subpackages:
  - go/ast/astutil
  - imports
- name: gopkg.in/yaml.v2
  version: 53feefa2559fb8dfa8d81baad31be332c97d6c77
testImports:
- name: github.com/davecgh/go-spew
  version: 2df174808ee097f90d259e432cc04442cf60be21
  subpackages:
  - spew
- name: github.com/nats-io/gnatsd
  version: 3ff8ad706a6816b13c9277637e2e7d5bb406951a
  subpackages:
  - conf
  - server
  - server/pse
- name: github.com/pmezard/go-difflib
  version: d8ed2627bdf02c080bf22230dbb337003b7aba2d
  subpackages:
  - difflib
- name: github.com/stretchr/objx
  version: cbeaeb16a013161a98496fad62933b1d21786672
- name: github.com/stretchr/testify
  version: f390dcf405f7b83c997eac1b06768bb9f44dec18
  subpackages:
  - assert
  - mock
  - require
